
Microsoft Visual Studio Solution File, Format Version 12.00
# Visual Studio Version 17
VisualStudioVersion = 17.11.35312.102
MinimumVisualStudioVersion = 10.0.40219.1
Project("{9A19103F-16F7-4668-BE54-9A1E7A4F7556}") = "ExampleOrderKafka", "ExampleKafka\ExampleOrderKafka.csproj", "{3BFFDF6D-A2CD-426B-B853-A0B4B891F4F7}"
EndProject
Project("{9A19103F-16F7-4668-BE54-9A1E7A4F7556}") = "ExampleNotificationKafka", "ExampleNotificationKafka\ExampleNotificationKafka.csproj", "{E130ECC0-FD19-41D2-935B-FB5582E12190}"
EndProject
Project("{9A19103F-16F7-4668-BE54-9A1E7A4F7556}") = "ApiGateway", "ApiGateway\ApiGateway.csproj", "{F56221A8-9B54-4996-96F1-185DE127A04A}"
EndProject
Project("{2150E333-8FDC-42A3-9474-1A3956D46DE8}") = "Microservices", "Microservices", "{DDD66620-8C35-45F3-9F68-628926B32F0C}"
EndProject
Project("{9A19103F-16F7-4668-BE54-9A1E7A4F7556}") = "WebClient.Server", "WebClient\WebClient.Server\WebClient.Server.csproj", "{CD9EAC2E-CAFE-4C80-8A98-FCC40CCE0BB4}"
EndProject
Project("{54A90642-561A-4BB1-A94E-469ADEE60C69}") = "webclient.client", "WebClient\webclient.client\webclient.client.esproj", "{53BDBC23-4B37-482D-9889-5C0A07A699BB}"
EndProject
Global
	GlobalSection(SolutionConfigurationPlatforms) = preSolution
		Debug|Any CPU = Debug|Any CPU
		Release|Any CPU = Release|Any CPU
	EndGlobalSection
	GlobalSection(ProjectConfigurationPlatforms) = postSolution
		{3BFFDF6D-A2CD-426B-B853-A0B4B891F4F7}.Debug|Any CPU.ActiveCfg = Debug|Any CPU
		{3BFFDF6D-A2CD-426B-B853-A0B4B891F4F7}.Debug|Any CPU.Build.0 = Debug|Any CPU
		{3BFFDF6D-A2CD-426B-B853-A0B4B891F4F7}.Release|Any CPU.ActiveCfg = Release|Any CPU
		{3BFFDF6D-A2CD-426B-B853-A0B4B891F4F7}.Release|Any CPU.Build.0 = Release|Any CPU
		{E130ECC0-FD19-41D2-935B-FB5582E12190}.Debug|Any CPU.ActiveCfg = Debug|Any CPU
		{E130ECC0-FD19-41D2-935B-FB5582E12190}.Debug|Any CPU.Build.0 = Debug|Any CPU
		{E130ECC0-FD19-41D2-935B-FB5582E12190}.Release|Any CPU.ActiveCfg = Release|Any CPU
		{E130ECC0-FD19-41D2-935B-FB5582E12190}.Release|Any CPU.Build.0 = Release|Any CPU
		{F56221A8-9B54-4996-96F1-185DE127A04A}.Debug|Any CPU.ActiveCfg = Debug|Any CPU
		{F56221A8-9B54-4996-96F1-185DE127A04A}.Debug|Any CPU.Build.0 = Debug|Any CPU
		{F56221A8-9B54-4996-96F1-185DE127A04A}.Release|Any CPU.ActiveCfg = Release|Any CPU
		{F56221A8-9B54-4996-96F1-185DE127A04A}.Release|Any CPU.Build.0 = Release|Any CPU
		{CD9EAC2E-CAFE-4C80-8A98-FCC40CCE0BB4}.Debug|Any CPU.ActiveCfg = Debug|Any CPU
		{CD9EAC2E-CAFE-4C80-8A98-FCC40CCE0BB4}.Debug|Any CPU.Build.0 = Debug|Any CPU
		{CD9EAC2E-CAFE-4C80-8A98-FCC40CCE0BB4}.Release|Any CPU.ActiveCfg = Release|Any CPU
		{CD9EAC2E-CAFE-4C80-8A98-FCC40CCE0BB4}.Release|Any CPU.Build.0 = Release|Any CPU
		{53BDBC23-4B37-482D-9889-5C0A07A699BB}.Debug|Any CPU.ActiveCfg = Debug|Any CPU
		{53BDBC23-4B37-482D-9889-5C0A07A699BB}.Debug|Any CPU.Build.0 = Debug|Any CPU
		{53BDBC23-4B37-482D-9889-5C0A07A699BB}.Debug|Any CPU.Deploy.0 = Debug|Any CPU
		{53BDBC23-4B37-482D-9889-5C0A07A699BB}.Release|Any CPU.ActiveCfg = Release|Any CPU
		{53BDBC23-4B37-482D-9889-5C0A07A699BB}.Release|Any CPU.Build.0 = Release|Any CPU
		{53BDBC23-4B37-482D-9889-5C0A07A699BB}.Release|Any CPU.Deploy.0 = Release|Any CPU
	EndGlobalSection
	GlobalSection(SolutionProperties) = preSolution
		HideSolutionNode = FALSE
	EndGlobalSection
	GlobalSection(NestedProjects) = preSolution
		{3BFFDF6D-A2CD-426B-B853-A0B4B891F4F7} = {DDD66620-8C35-45F3-9F68-628926B32F0C}
		{E130ECC0-FD19-41D2-935B-FB5582E12190} = {DDD66620-8C35-45F3-9F68-628926B32F0C}
		{F56221A8-9B54-4996-96F1-185DE127A04A} = {DDD66620-8C35-45F3-9F68-628926B32F0C}
	EndGlobalSection
	GlobalSection(ExtensibilityGlobals) = postSolution
		SolutionGuid = {BA79F64E-D8C5-4AB2-9CBC-91EC548487CC}
	EndGlobalSection
EndGlobal
